
Microsoft Visual Studio Solution File, Format Version 12.00
# Visual Studio Version 16
VisualStudioVersion = 16.0.31727.386
MinimumVisualStudioVersion = 10.0.40219.1
Project("{FAE04EC0-301F-11D3-BF4B-00C04F79EFBC}") = "RamonQuinteroClase3TDD", "RamonQuinteroClase3TDD\RamonQuinteroClase3TDD.csproj", "{2B02369F-B9C7-4931-B359-005957432102}"
EndProject
Project("{FAE04EC0-301F-11D3-BF4B-00C04F79EFBC}") = "RamonQuinteroClase3TDD.tests", "RamonQuinteroClase3TDD.tests\RamonQuinteroClase3TDD.tests.csproj", "{776698BB-36C0-47C6-B914-AF79FB417713}"
EndProject
Global
	GlobalSection(SolutionConfigurationPlatforms) = preSolution
		Debug|Any CPU = Debug|Any CPU
		Release|Any CPU = Release|Any CPU
	EndGlobalSection
	GlobalSection(ProjectConfigurationPlatforms) = postSolution
		{2B02369F-B9C7-4931-B359-005957432102}.Debug|Any CPU.ActiveCfg = Debug|Any CPU
		{2B02369F-B9C7-4931-B359-005957432102}.Debug|Any CPU.Build.0 = Debug|Any CPU
		{2B02369F-B9C7-4931-B359-005957432102}.Release|Any CPU.ActiveCfg = Release|Any CPU
		{2B02369F-B9C7-4931-B359-005957432102}.Release|Any CPU.Build.0 = Release|Any CPU
		{776698BB-36C0-47C6-B914-AF79FB417713}.Debug|Any CPU.ActiveCfg = Debug|Any CPU
		{776698BB-36C0-47C6-B914-AF79FB417713}.Debug|Any CPU.Build.0 = Debug|Any CPU
		{776698BB-36C0-47C6-B914-AF79FB417713}.Release|Any CPU.ActiveCfg = Release|Any CPU
		{776698BB-36C0-47C6-B914-AF79FB417713}.Release|Any CPU.Build.0 = Release|Any CPU
	EndGlobalSection
	GlobalSection(SolutionProperties) = preSolution
		HideSolutionNode = FALSE
	EndGlobalSection
	GlobalSection(ExtensibilityGlobals) = postSolution
		SolutionGuid = {C2EDFCDC-C9D4-412C-922D-76B2B1BA090A}
	EndGlobalSection
EndGlobal
